// !$*UTF8*$!
{
	archiveVersion = 1;
	classes = {
	};
	objectVersion = 54;
	objects = {

/* Begin PBXBuildFile section */
		D60DDA69269402DE002A83CE /* ClipboardApp.swift in Sources */ = {isa = PBXBuildFile; fileRef = D60DDA68269402DE002A83CE /* ClipboardApp.swift */; };
		D62B98E326930778007E0CD3 /* Server.swift in Sources */ = {isa = PBXBuildFile; fileRef = D62B98E226930778007E0CD3 /* Server.swift */; };
		D69F35CD2692276500C15C9F /* main.swift in Sources */ = {isa = PBXBuildFile; fileRef = D69F35CC2692276500C15C9F /* main.swift */; };
		D6C273B326937BF60098DB5A /* Client.swift in Sources */ = {isa = PBXBuildFile; fileRef = D6C273B226937BF60098DB5A /* Client.swift */; };
		D6EE5DA12B1B9D89007B8D02 /* Socket in Frameworks */ = {isa = PBXBuildFile; productRef = D6EE5DA02B1B9D89007B8D02 /* Socket */; };
		D6EE5DA42B1B9DD3007B8D02 /* SwiftyJSON in Frameworks */ = {isa = PBXBuildFile; productRef = D6EE5DA32B1B9DD3007B8D02 /* SwiftyJSON */; };
/* End PBXBuildFile section */

/* Begin PBXCopyFilesBuildPhase section */
		D69F35C72692276500C15C9F /* CopyFiles */ = {
			isa = PBXCopyFilesBuildPhase;
			buildActionMask = 2147483647;
			dstPath = /usr/share/man/man1/;
			dstSubfolderSpec = 0;
			files = (
			);
			runOnlyForDeploymentPostprocessing = 1;
		};
/* End PBXCopyFilesBuildPhase section */

/* Begin PBXFileReference section */
		5E6F83F124379D61E76B472F /* Pods-ClipboardManagerMac.debug.xcconfig */ = {isa = PBXFileReference; includeInIndex = 1; lastKnownFileType = text.xcconfig; name = "Pods-ClipboardManagerMac.debug.xcconfig"; path = "Target Support Files/Pods-ClipboardManagerMac/Pods-ClipboardManagerMac.debug.xcconfig"; sourceTree = "<group>"; };
		D60DDA68269402DE002A83CE /* ClipboardApp.swift */ = {isa = PBXFileReference; lastKnownFileType = sourcecode.swift; path = ClipboardApp.swift; sourceTree = "<group>"; };
		D62B98E226930778007E0CD3 /* Server.swift */ = {isa = PBXFileReference; lastKnownFileType = sourcecode.swift; path = Server.swift; sourceTree = "<group>"; };
		D69F35C92692276500C15C9F /* ClipboardManagerMac */ = {isa = PBXFileReference; explicitFileType = "compiled.mach-o.executable"; includeInIndex = 0; path = ClipboardManagerMac; sourceTree = BUILT_PRODUCTS_DIR; };
		D69F35CC2692276500C15C9F /* main.swift */ = {isa = PBXFileReference; lastKnownFileType = sourcecode.swift; path = main.swift; sourceTree = "<group>"; };
		D6C273B226937BF60098DB5A /* Client.swift */ = {isa = PBXFileReference; lastKnownFileType = sourcecode.swift; path = Client.swift; sourceTree = "<group>"; };
		F86C30B9F5A64CC079CE8997 /* Pods-ClipboardManagerMac.release.xcconfig */ = {isa = PBXFileReference; includeInIndex = 1; lastKnownFileType = text.xcconfig; name = "Pods-ClipboardManagerMac.release.xcconfig"; path = "Target Support Files/Pods-ClipboardManagerMac/Pods-ClipboardManagerMac.release.xcconfig"; sourceTree = "<group>"; };
/* End PBXFileReference section */

/* Begin PBXFrameworksBuildPhase section */
		D69F35C62692276500C15C9F /* Frameworks */ = {
			isa = PBXFrameworksBuildPhase;
			buildActionMask = 2147483647;
			files = (
				D6EE5DA42B1B9DD3007B8D02 /* SwiftyJSON in Frameworks */,
				D6EE5DA12B1B9D89007B8D02 /* Socket in Frameworks */,
			);
			runOnlyForDeploymentPostprocessing = 0;
		};
/* End PBXFrameworksBuildPhase section */

/* Begin PBXGroup section */
		2143A51DA9D3F2E87EE544B4 /* Frameworks */ = {
			isa = PBXGroup;
			children = (
			);
			name = Frameworks;
			sourceTree = "<group>";
		};
		7B2425FDFE0BC51D37EFD6E9 /* Pods */ = {
			isa = PBXGroup;
			children = (
				5E6F83F124379D61E76B472F /* Pods-ClipboardManagerMac.debug.xcconfig */,
				F86C30B9F5A64CC079CE8997 /* Pods-ClipboardManagerMac.release.xcconfig */,
			);
			path = Pods;
			sourceTree = "<group>";
		};
		D69F35C02692276500C15C9F = {
			isa = PBXGroup;
			children = (
				D69F35CB2692276500C15C9F /* ClipboardManagerMac */,
				D69F35CA2692276500C15C9F /* Products */,
				2143A51DA9D3F2E87EE544B4 /* Frameworks */,
				7B2425FDFE0BC51D37EFD6E9 /* Pods */,
			);
			sourceTree = "<group>";
		};
		D69F35CA2692276500C15C9F /* Products */ = {
			isa = PBXGroup;
			children = (
				D69F35C92692276500C15C9F /* ClipboardManagerMac */,
			);
			name = Products;
			sourceTree = "<group>";
		};
		D69F35CB2692276500C15C9F /* ClipboardManagerMac */ = {
			isa = PBXGroup;
			children = (
				D69F35CC2692276500C15C9F /* main.swift */,
				D62B98E226930778007E0CD3 /* Server.swift */,
				D6C273B226937BF60098DB5A /* Client.swift */,
				D60DDA68269402DE002A83CE /* ClipboardApp.swift */,
			);
			path = ClipboardManagerMac;
			sourceTree = "<group>";
		};
/* End PBXGroup section */

/* Begin PBXNativeTarget section */
		D69F35C82692276500C15C9F /* ClipboardManagerMac */ = {
			isa = PBXNativeTarget;
			buildConfigurationList = D69F35D02692276500C15C9F /* Build configuration list for PBXNativeTarget "ClipboardManagerMac" */;
			buildPhases = (
				C64605D1928BEED10E2DC5ED /* [CP] Check Pods Manifest.lock */,
				D69F35C52692276500C15C9F /* Sources */,
				D69F35C62692276500C15C9F /* Frameworks */,
				D69F35C72692276500C15C9F /* CopyFiles */,
			);
			buildRules = (
			);
			dependencies = (
			);
			name = ClipboardManagerMac;
			packageProductDependencies = (
				D6EE5DA02B1B9D89007B8D02 /* Socket */,
				D6EE5DA32B1B9DD3007B8D02 /* SwiftyJSON */,
			);
			productName = ClipboardManagerMac;
			productReference = D69F35C92692276500C15C9F /* ClipboardManagerMac */;
			productType = "com.apple.product-type.tool";
		};
/* End PBXNativeTarget section */

/* Begin PBXProject section */
		D69F35C12692276500C15C9F /* Project object */ = {
			isa = PBXProject;
			attributes = {
				BuildIndependentTargetsInParallel = YES;
				LastSwiftUpdateCheck = 1250;
				LastUpgradeCheck = 1500;
				TargetAttributes = {
					D69F35C82692276500C15C9F = {
						CreatedOnToolsVersion = 12.5.1;
					};
				};
			};
			buildConfigurationList = D69F35C42692276500C15C9F /* Build configuration list for PBXProject "ClipboardManagerMac" */;
			compatibilityVersion = "Xcode 9.3";
			developmentRegion = en;
			hasScannedForEncodings = 0;
			knownRegions = (
				en,
				Base,
			);
			mainGroup = D69F35C02692276500C15C9F;
			packageReferences = (
				D6EE5D9F2B1B9D89007B8D02 /* XCRemoteSwiftPackageReference "BlueSocket" */,
				D6EE5DA22B1B9DD3007B8D02 /* XCRemoteSwiftPackageReference "SwiftyJSON" */,
			);
			productRefGroup = D69F35CA2692276500C15C9F /* Products */;
			projectDirPath = "";
			projectRoot = "";
			targets = (
				D69F35C82692276500C15C9F /* ClipboardManagerMac */,
			);
		};
/* End PBXProject section */

/* Begin PBXShellScriptBuildPhase section */
		C64605D1928BEED10E2DC5ED /* [CP] Check Pods Manifest.lock */ = {
			isa = PBXShellScriptBuildPhase;
			buildActionMask = 2147483647;
			files = (
			);
			inputFileListPaths = (
			);
			inputPaths = (
				"${PODS_PODFILE_DIR_PATH}/Podfile.lock",
				"${PODS_ROOT}/Manifest.lock",
			);
			name = "[CP] Check Pods Manifest.lock";
			outputFileListPaths = (
			);
			outputPaths = (
				"$(DERIVED_FILE_DIR)/Pods-ClipboardManagerMac-checkManifestLockResult.txt",
			);
			runOnlyForDeploymentPostprocessing = 0;
			shellPath = /bin/sh;
			shellScript = "diff \"${PODS_PODFILE_DIR_PATH}/Podfile.lock\" \"${PODS_ROOT}/Manifest.lock\" > /dev/null\nif [ $? != 0 ] ; then\n    # print error to STDERR\n    echo \"error: The sandbox is not in sync with the Podfile.lock. Run 'pod install' or update your CocoaPods installation.\" >&2\n    exit 1\nfi\n# This output is used by Xcode 'outputs' to avoid re-running this script phase.\necho \"SUCCESS\" > \"${SCRIPT_OUTPUT_FILE_0}\"\n";
			showEnvVarsInLog = 0;
		};
/* End PBXShellScriptBuildPhase section */

/* Begin PBXSourcesBuildPhase section */
		D69F35C52692276500C15C9F /* Sources */ = {
			isa = PBXSourcesBuildPhase;
			buildActionMask = 2147483647;
			files = (
				D62B98E326930778007E0CD3 /* Server.swift in Sources */,
				D69F35CD2692276500C15C9F /* main.swift in Sources */,
				D60DDA69269402DE002A83CE /* ClipboardApp.swift in Sources */,
				D6C273B326937BF60098DB5A /* Client.swift in Sources */,
			);
			runOnlyForDeploymentPostprocessing = 0;
		};
/* End PBXSourcesBuildPhase section */

/* Begin XCBuildConfiguration section */
		D69F35CE2692276500C15C9F /* Debug */ = {
			isa = XCBuildConfiguration;
			buildSettings = {
				ALWAYS_SEARCH_USER_PATHS = NO;
				CLANG_ANALYZER_NONNULL = YES;
				CLANG_ANALYZER_NUMBER_OBJECT_CONVERSION = YES_AGGRESSIVE;
				CLANG_CXX_LANGUAGE_STANDARD = "gnu++14";
				CLANG_CXX_LIBRARY = "libc++";
				CLANG_ENABLE_MODULES = YES;
				CLANG_ENABLE_OBJC_ARC = YES;
				CLANG_ENABLE_OBJC_WEAK = YES;
				CLANG_WARN_BLOCK_CAPTURE_AUTORELEASING = YES;
				CLANG_WARN_BOOL_CONVERSION = YES;
				CLANG_WARN_COMMA = YES;
				CLANG_WARN_CONSTANT_CONVERSION = YES;
				CLANG_WARN_DEPRECATED_OBJC_IMPLEMENTATIONS = YES;
				CLANG_WARN_DIRECT_OBJC_ISA_USAGE = YES_ERROR;
				CLANG_WARN_DOCUMENTATION_COMMENTS = YES;
				CLANG_WARN_EMPTY_BODY = YES;
				CLANG_WARN_ENUM_CONVERSION = YES;
				CLANG_WARN_INFINITE_RECURSION = YES;
				CLANG_WARN_INT_CONVERSION = YES;
				CLANG_WARN_NON_LITERAL_NULL_CONVERSION = YES;
				CLANG_WARN_OBJC_IMPLICIT_RETAIN_SELF = YES;
				CLANG_WARN_OBJC_LITERAL_CONVERSION = YES;
				CLANG_WARN_OBJC_ROOT_CLASS = YES_ERROR;
				CLANG_WARN_QUOTED_INCLUDE_IN_FRAMEWORK_HEADER = YES;
				CLANG_WARN_RANGE_LOOP_ANALYSIS = YES;
				CLANG_WARN_STRICT_PROTOTYPES = YES;
				CLANG_WARN_SUSPICIOUS_MOVE = YES;
				CLANG_WARN_UNGUARDED_AVAILABILITY = YES_AGGRESSIVE;
				CLANG_WARN_UNREACHABLE_CODE = YES;
				CLANG_WARN__DUPLICATE_METHOD_MATCH = YES;
				COPY_PHASE_STRIP = NO;
				DEAD_CODE_STRIPPING = YES;
				DEBUG_INFORMATION_FORMAT = dwarf;
				ENABLE_STRICT_OBJC_MSGSEND = YES;
				ENABLE_TESTABILITY = YES;
				ENABLE_USER_SCRIPT_SANDBOXING = YES;
				GCC_C_LANGUAGE_STANDARD = gnu11;
				GCC_DYNAMIC_NO_PIC = NO;
				GCC_NO_COMMON_BLOCKS = YES;
				GCC_OPTIMIZATION_LEVEL = 0;
				GCC_PREPROCESSOR_DEFINITIONS = (
					"DEBUG=1",
					"$(inherited)",
				);
				GCC_WARN_64_TO_32_BIT_CONVERSION = YES;
				GCC_WARN_ABOUT_RETURN_TYPE = YES_ERROR;
				GCC_WARN_UNDECLARED_SELECTOR = YES;
				GCC_WARN_UNINITIALIZED_AUTOS = YES_AGGRESSIVE;
				GCC_WARN_UNUSED_FUNCTION = YES;
				GCC_WARN_UNUSED_VARIABLE = YES;
				MACOSX_DEPLOYMENT_TARGET = 11.3;
				MTL_ENABLE_DEBUG_INFO = INCLUDE_SOURCE;
				MTL_FAST_MATH = YES;
				ONLY_ACTIVE_ARCH = YES;
				SDKROOT = macosx;
				SWIFT_ACTIVE_COMPILATION_CONDITIONS = DEBUG;
				SWIFT_OPTIMIZATION_LEVEL = "-Onone";
			};
			name = Debug;
		};
		D69F35CF2692276500C15C9F /* Release */ = {
			isa = XCBuildConfiguration;
			buildSettings = {
				ALWAYS_SEARCH_USER_PATHS = NO;
				CLANG_ANALYZER_NONNULL = YES;
				CLANG_ANALYZER_NUMBER_OBJECT_CONVERSION = YES_AGGRESSIVE;
				CLANG_CXX_LANGUAGE_STANDARD = "gnu++14";
				CLANG_CXX_LIBRARY = "libc++";
				CLANG_ENABLE_MODULES = YES;
				CLANG_ENABLE_OBJC_ARC = YES;
				CLANG_ENABLE_OBJC_WEAK = YES;
				CLANG_WARN_BLOCK_CAPTURE_AUTORELEASING = YES;
				CLANG_WARN_BOOL_CONVERSION = YES;
				CLANG_WARN_COMMA = YES;
				CLANG_WARN_CONSTANT_CONVERSION = YES;
				CLANG_WARN_DEPRECATED_OBJC_IMPLEMENTATIONS = YES;
				CLANG_WARN_DIRECT_OBJC_ISA_USAGE = YES_ERROR;
				CLANG_WARN_DOCUMENTATION_COMMENTS = YES;
				CLANG_WARN_EMPTY_BODY = YES;
				CLANG_WARN_ENUM_CONVERSION = YES;
				CLANG_WARN_INFINITE_RECURSION = YES;
				CLANG_WARN_INT_CONVERSION = YES;
				CLANG_WARN_NON_LITERAL_NULL_CONVERSION = YES;
				CLANG_WARN_OBJC_IMPLICIT_RETAIN_SELF = YES;
				CLANG_WARN_OBJC_LITERAL_CONVERSION = YES;
				CLANG_WARN_OBJC_ROOT_CLASS = YES_ERROR;
				CLANG_WARN_QUOTED_INCLUDE_IN_FRAMEWORK_HEADER = YES;
				CLANG_WARN_RANGE_LOOP_ANALYSIS = YES;
				CLANG_WARN_STRICT_PROTOTYPES = YES;
				CLANG_WARN_SUSPICIOUS_MOVE = YES;
				CLANG_WARN_UNGUARDED_AVAILABILITY = YES_AGGRESSIVE;
				CLANG_WARN_UNREACHABLE_CODE = YES;
				CLANG_WARN__DUPLICATE_METHOD_MATCH = YES;
				COPY_PHASE_STRIP = NO;
				DEAD_CODE_STRIPPING = YES;
				DEBUG_INFORMATION_FORMAT = "dwarf-with-dsym";
				ENABLE_NS_ASSERTIONS = NO;
				ENABLE_STRICT_OBJC_MSGSEND = YES;
				ENABLE_USER_SCRIPT_SANDBOXING = YES;
				GCC_C_LANGUAGE_STANDARD = gnu11;
				GCC_NO_COMMON_BLOCKS = YES;
				GCC_WARN_64_TO_32_BIT_CONVERSION = YES;
				GCC_WARN_ABOUT_RETURN_TYPE = YES_ERROR;
				GCC_WARN_UNDECLARED_SELECTOR = YES;
				GCC_WARN_UNINITIALIZED_AUTOS = YES_AGGRESSIVE;
				GCC_WARN_UNUSED_FUNCTION = YES;
				GCC_WARN_UNUSED_VARIABLE = YES;
				MACOSX_DEPLOYMENT_TARGET = 11.3;
				MTL_ENABLE_DEBUG_INFO = NO;
				MTL_FAST_MATH = YES;
				SDKROOT = macosx;
				SWIFT_COMPILATION_MODE = wholemodule;
				SWIFT_OPTIMIZATION_LEVEL = "-O";
			};
			name = Release;
		};
		D69F35D12692276500C15C9F /* Debug */ = {
			isa = XCBuildConfiguration;
			baseConfigurationReference = 5E6F83F124379D61E76B472F /* Pods-ClipboardManagerMac.debug.xcconfig */;
			buildSettings = {
				CODE_SIGN_STYLE = Automatic;
				DEAD_CODE_STRIPPING = YES;
				PRODUCT_NAME = "$(TARGET_NAME)";
				SWIFT_VERSION = 5.0;
			};
			name = Debug;
		};
		D69F35D22692276500C15C9F /* Release */ = {
			isa = XCBuildConfiguration;
			baseConfigurationReference = F86C30B9F5A64CC079CE8997 /* Pods-ClipboardManagerMac.release.xcconfig */;
			buildSettings = {
				CODE_SIGN_STYLE = Automatic;
				DEAD_CODE_STRIPPING = YES;
				PRODUCT_NAME = "$(TARGET_NAME)";
				SWIFT_VERSION = 5.0;
			};
			name = Release;
		};
/* End XCBuildConfiguration section */

/* Begin XCConfigurationList section */
		D69F35C42692276500C15C9F /* Build configuration list for PBXProject "ClipboardManagerMac" */ = {
			isa = XCConfigurationList;
			buildConfigurations = (
				D69F35CE2692276500C15C9F /* Debug */,
				D69F35CF2692276500C15C9F /* Release */,
			);
			defaultConfigurationIsVisible = 0;
			defaultConfigurationName = Release;
		};
		D69F35D02692276500C15C9F /* Build configuration list for PBXNativeTarget "ClipboardManagerMac" */ = {
			isa = XCConfigurationList;
			buildConfigurations = (
				D69F35D12692276500C15C9F /* Debug */,
				D69F35D22692276500C15C9F /* Release */,
			);
			defaultConfigurationIsVisible = 0;
			defaultConfigurationName = Release;
		};
/* End XCConfigurationList section */

/* Begin XCRemoteSwiftPackageReference section */
		D6EE5D9F2B1B9D89007B8D02 /* XCRemoteSwiftPackageReference "BlueSocket" */ = {
			isa = XCRemoteSwiftPackageReference;
			repositoryURL = "https://github.com/Kitura/BlueSocket";
			requirement = {
				kind = upToNextMajorVersion;
				minimumVersion = 2.0.4;
			};
		};
		D6EE5DA22B1B9DD3007B8D02 /* XCRemoteSwiftPackageReference "SwiftyJSON" */ = {
			isa = XCRemoteSwiftPackageReference;
			repositoryURL = "https://github.com/SwiftyJSON/SwiftyJSON";
			requirement = {
				kind = upToNextMajorVersion;
				minimumVersion = 5.0.1;
			};
		};
/* End XCRemoteSwiftPackageReference section */

/* Begin XCSwiftPackageProductDependency section */
		D6EE5DA02B1B9D89007B8D02 /* Socket */ = {
			isa = XCSwiftPackageProductDependency;
			package = D6EE5D9F2B1B9D89007B8D02 /* XCRemoteSwiftPackageReference "BlueSocket" */;
			productName = Socket;
		};
		D6EE5DA32B1B9DD3007B8D02 /* SwiftyJSON */ = {
			isa = XCSwiftPackageProductDependency;
			package = D6EE5DA22B1B9DD3007B8D02 /* XCRemoteSwiftPackageReference "SwiftyJSON" */;
			productName = SwiftyJSON;
		};
/* End XCSwiftPackageProductDependency section */
	};
	rootObject = D69F35C12692276500C15C9F /* Project object */;
}
